
Microsoft Visual Studio Solution File, Format Version 12.00
# Visual Studio Version 16
VisualStudioVersion = 16.0.31624.102
MinimumVisualStudioVersion = 10.0.40219.1
Project("{9A19103F-16F7-4668-BE54-9A1E7A4F7556}") = "SingleTone", "SingleTone\SingleTone.csproj", "{AC4DCD07-69E5-4AD1-A2E2-AC2DDAAC334A}"
EndProject
Project("{9A19103F-16F7-4668-BE54-9A1E7A4F7556}") = "BuilderPattern", "BuilderPattern\BuilderPattern.csproj", "{2C63C151-D949-4C64-ADE5-BD9C38BE656C}"
EndProject
Project("{FAE04EC0-301F-11D3-BF4B-00C04F79EFBC}") = "PrototypePattern", "PrototypePattern\PrototypePattern.csproj", "{D29E7C6C-A506-4144-8CF3-7A2438130C43}"
EndProject
Project("{FAE04EC0-301F-11D3-BF4B-00C04F79EFBC}") = "FactoryPattern", "FactoryPattern\FactoryPattern.csproj", "{83191773-7E73-4099-8F40-0AC7B5A2706E}"
EndProject
Project("{FAE04EC0-301F-11D3-BF4B-00C04F79EFBC}") = "AbstractFactory", "AbstractFactory\AbstractFactory.csproj", "{658775BF-D6E2-4C00-B1F6-ED4222B3F726}"
EndProject
Global
	GlobalSection(SolutionConfigurationPlatforms) = preSolution
		Debug|Any CPU = Debug|Any CPU
		Release|Any CPU = Release|Any CPU
	EndGlobalSection
	GlobalSection(ProjectConfigurationPlatforms) = postSolution
		{AC4DCD07-69E5-4AD1-A2E2-AC2DDAAC334A}.Debug|Any CPU.ActiveCfg = Debug|Any CPU
		{AC4DCD07-69E5-4AD1-A2E2-AC2DDAAC334A}.Debug|Any CPU.Build.0 = Debug|Any CPU
		{AC4DCD07-69E5-4AD1-A2E2-AC2DDAAC334A}.Release|Any CPU.ActiveCfg = Release|Any CPU
		{AC4DCD07-69E5-4AD1-A2E2-AC2DDAAC334A}.Release|Any CPU.Build.0 = Release|Any CPU
		{2C63C151-D949-4C64-ADE5-BD9C38BE656C}.Debug|Any CPU.ActiveCfg = Debug|Any CPU
		{2C63C151-D949-4C64-ADE5-BD9C38BE656C}.Debug|Any CPU.Build.0 = Debug|Any CPU
		{2C63C151-D949-4C64-ADE5-BD9C38BE656C}.Release|Any CPU.ActiveCfg = Release|Any CPU
		{2C63C151-D949-4C64-ADE5-BD9C38BE656C}.Release|Any CPU.Build.0 = Release|Any CPU
		{D29E7C6C-A506-4144-8CF3-7A2438130C43}.Debug|Any CPU.ActiveCfg = Debug|Any CPU
		{D29E7C6C-A506-4144-8CF3-7A2438130C43}.Debug|Any CPU.Build.0 = Debug|Any CPU
		{D29E7C6C-A506-4144-8CF3-7A2438130C43}.Release|Any CPU.ActiveCfg = Release|Any CPU
		{D29E7C6C-A506-4144-8CF3-7A2438130C43}.Release|Any CPU.Build.0 = Release|Any CPU
		{83191773-7E73-4099-8F40-0AC7B5A2706E}.Debug|Any CPU.ActiveCfg = Debug|Any CPU
		{83191773-7E73-4099-8F40-0AC7B5A2706E}.Debug|Any CPU.Build.0 = Debug|Any CPU
		{83191773-7E73-4099-8F40-0AC7B5A2706E}.Release|Any CPU.ActiveCfg = Release|Any CPU
		{83191773-7E73-4099-8F40-0AC7B5A2706E}.Release|Any CPU.Build.0 = Release|Any CPU
		{658775BF-D6E2-4C00-B1F6-ED4222B3F726}.Debug|Any CPU.ActiveCfg = Debug|Any CPU
		{658775BF-D6E2-4C00-B1F6-ED4222B3F726}.Debug|Any CPU.Build.0 = Debug|Any CPU
		{658775BF-D6E2-4C00-B1F6-ED4222B3F726}.Release|Any CPU.ActiveCfg = Release|Any CPU
		{658775BF-D6E2-4C00-B1F6-ED4222B3F726}.Release|Any CPU.Build.0 = Release|Any CPU
	EndGlobalSection
	GlobalSection(SolutionProperties) = preSolution
		HideSolutionNode = FALSE
	EndGlobalSection
	GlobalSection(ExtensibilityGlobals) = postSolution
		SolutionGuid = {BD8FAB22-893C-41ED-9CD7-5298715B07CB}
	EndGlobalSection
EndGlobal
